// !$*UTF8*$!
{
	archiveVersion = 1;
	classes = {
	};
	objectVersion = 55;
	objects = {

/* Begin PBXBuildFile section */
		7311F0832A6F2B68003316B3 /* SavedStationServiceContainer.swift in Sources */ = {isa = PBXBuildFile; fileRef = 7311F0822A6F2B68003316B3 /* SavedStationServiceContainer.swift */; };
		7311F0862A6F3461003316B3 /* station254.json in Resources */ = {isa = PBXBuildFile; fileRef = 7311F0852A6F3461003316B3 /* station254.json */; };
		7311F0882A6F34A0003316B3 /* allStations.json in Resources */ = {isa = PBXBuildFile; fileRef = 7311F0872A6F34A0003316B3 /* allStations.json */; };
		7311F08A2A6F35AC003316B3 /* station213.json in Resources */ = {isa = PBXBuildFile; fileRef = 7311F0892A6F35AC003316B3 /* station213.json */; };
		7311F08E2A6F4880003316B3 /* ServicesContainer.swift in Sources */ = {isa = PBXBuildFile; fileRef = 7311F08D2A6F4880003316B3 /* ServicesContainer.swift */; };
		7311F0902A6F4AF9003316B3 /* ServiceError.swift in Sources */ = {isa = PBXBuildFile; fileRef = 7311F08F2A6F4AF9003316B3 /* ServiceError.swift */; };
		7311F0922A6F4B4F003316B3 /* SavedStationServiceInterface.swift in Sources */ = {isa = PBXBuildFile; fileRef = 7311F0912A6F4B4F003316B3 /* SavedStationServiceInterface.swift */; };
		7311F0942A6F4B88003316B3 /* FetchStationsServiceInterface.swift in Sources */ = {isa = PBXBuildFile; fileRef = 7311F0932A6F4B88003316B3 /* FetchStationsServiceInterface.swift */; };
		7311F0962A6F4FF0003316B3 /* FetchSavedStationService.swift in Sources */ = {isa = PBXBuildFile; fileRef = 7311F0952A6F4FF0003316B3 /* FetchSavedStationService.swift */; };
		731F1E4C2A6F7A6E003DD16F /* AddSavedStationService.swift in Sources */ = {isa = PBXBuildFile; fileRef = 731F1E4B2A6F7A6D003DD16F /* AddSavedStationService.swift */; };
		731F1E4E2A6F7AD1003DD16F /* RemoveSavedStationService.swift in Sources */ = {isa = PBXBuildFile; fileRef = 731F1E4D2A6F7AD1003DD16F /* RemoveSavedStationService.swift */; };
		731F1E512A6F7B9A003DD16F /* ServiceContainerTests.swift in Sources */ = {isa = PBXBuildFile; fileRef = 731F1E502A6F7B9A003DD16F /* ServiceContainerTests.swift */; };
		731F1E532A6F7D8D003DD16F /* MockSavedStationsService.swift in Sources */ = {isa = PBXBuildFile; fileRef = 731F1E522A6F7D8D003DD16F /* MockSavedStationsService.swift */; };
		7323289F2A6DB91F000EF095 /* CIMISStationBrowserApp.swift in Sources */ = {isa = PBXBuildFile; fileRef = 7323289E2A6DB91F000EF095 /* CIMISStationBrowserApp.swift */; };
		732328A32A6DB924000EF095 /* Assets.xcassets in Resources */ = {isa = PBXBuildFile; fileRef = 732328A22A6DB924000EF095 /* Assets.xcassets */; };
		732328A62A6DB924000EF095 /* Preview Assets.xcassets in Resources */ = {isa = PBXBuildFile; fileRef = 732328A52A6DB924000EF095 /* Preview Assets.xcassets */; };
		732328A82A6DB924000EF095 /* PersistenceController.swift in Sources */ = {isa = PBXBuildFile; fileRef = 732328A72A6DB924000EF095 /* PersistenceController.swift */; };
		732328AB2A6DB924000EF095 /* CIMISStationBrowser.xcdatamodeld in Sources */ = {isa = PBXBuildFile; fileRef = 732328A92A6DB924000EF095 /* CIMISStationBrowser.xcdatamodeld */; };
		732328BF2A6DB924000EF095 /* (null) in Sources */ = {isa = PBXBuildFile; };
		732328CE2A6DC190000EF095 /* Networking.swift in Sources */ = {isa = PBXBuildFile; fileRef = 732328CD2A6DC190000EF095 /* Networking.swift */; };
		732328D02A6DC1CF000EF095 /* StationModels.swift in Sources */ = {isa = PBXBuildFile; fileRef = 732328CF2A6DC1CF000EF095 /* StationModels.swift */; };
		732328D32A6DC316000EF095 /* StationListView.swift in Sources */ = {isa = PBXBuildFile; fileRef = 732328D22A6DC316000EF095 /* StationListView.swift */; };
		732328DA2A6DD606000EF095 /* StationListViewModel.swift in Sources */ = {isa = PBXBuildFile; fileRef = 732328D92A6DD606000EF095 /* StationListViewModel.swift */; };
		732328DC2A6E2123000EF095 /* FetchStationsService.swift in Sources */ = {isa = PBXBuildFile; fileRef = 732328DB2A6E2123000EF095 /* FetchStationsService.swift */; };
		732328DE2A6E25B2000EF095 /* ServicesInterface.swift in Sources */ = {isa = PBXBuildFile; fileRef = 732328DD2A6E25B2000EF095 /* ServicesInterface.swift */; };
		732328E12A6E2779000EF095 /* MockFetchStationsService.swift in Sources */ = {isa = PBXBuildFile; fileRef = 732328E02A6E2779000EF095 /* MockFetchStationsService.swift */; };
		732328E32A6E2840000EF095 /* mockStations.json in Resources */ = {isa = PBXBuildFile; fileRef = 732328E22A6E2840000EF095 /* mockStations.json */; };
		732328E52A6E2E46000EF095 /* MockNetworking.swift in Sources */ = {isa = PBXBuildFile; fileRef = 732328E42A6E2E46000EF095 /* MockNetworking.swift */; };
		73C691542A6F8FF300120571 /* StationDetailsView.swift in Sources */ = {isa = PBXBuildFile; fileRef = 73C691532A6F8FF300120571 /* StationDetailsView.swift */; };
		73C691562A6F900600120571 /* StationDetailsViewModel.swift in Sources */ = {isa = PBXBuildFile; fileRef = 73C691552A6F900600120571 /* StationDetailsViewModel.swift */; };
		73C691592A6F9D8C00120571 /* SavedStationStore.swift in Sources */ = {isa = PBXBuildFile; fileRef = 73C691582A6F9D8C00120571 /* SavedStationStore.swift */; };
		73C6915B2A6FACB300120571 /* AppDelegate.swift in Sources */ = {isa = PBXBuildFile; fileRef = 73C6915A2A6FACB200120571 /* AppDelegate.swift */; };
		73C6915D2A6FACFE00120571 /* AppRouter.swift in Sources */ = {isa = PBXBuildFile; fileRef = 73C6915C2A6FACFE00120571 /* AppRouter.swift */; };
		73C6919E2A70607600120571 /* StationListController.swift in Sources */ = {isa = PBXBuildFile; fileRef = 73C6919D2A70607600120571 /* StationListController.swift */; };
		73C691A02A706B2600120571 /* StationDetailController.swift in Sources */ = {isa = PBXBuildFile; fileRef = 73C6919F2A706B2600120571 /* StationDetailController.swift */; };
		73C691A32A706DEC00120571 /* StationListTests.swift in Sources */ = {isa = PBXBuildFile; fileRef = 73C691A22A706DEC00120571 /* StationListTests.swift */; };
		73C691A62A70845700120571 /* StationDetailsTests.swift in Sources */ = {isa = PBXBuildFile; fileRef = 73C691A52A70845700120571 /* StationDetailsTests.swift */; };
		73C691A82A70917E00120571 /* StationDataService.swift in Sources */ = {isa = PBXBuildFile; fileRef = 73C691A72A70917E00120571 /* StationDataService.swift */; };
		73C691AA2A70918E00120571 /* StationDataServiceInterface.swift in Sources */ = {isa = PBXBuildFile; fileRef = 73C691A92A70918E00120571 /* StationDataServiceInterface.swift */; };
		73C691AC2A7091A300120571 /* MockStationDataService.swift in Sources */ = {isa = PBXBuildFile; fileRef = 73C691AB2A7091A300120571 /* MockStationDataService.swift */; };
		73C691AE2A70933600120571 /* DataModels.swift in Sources */ = {isa = PBXBuildFile; fileRef = 73C691AD2A70933600120571 /* DataModels.swift */; };
		73E0377A2A70C60F00C4F8D9 /* README.md in Resources */ = {isa = PBXBuildFile; fileRef = 73E037792A70C60F00C4F8D9 /* README.md */; };
		73E0377C2A70C9DA00C4F8D9 /* LICENSE in Resources */ = {isa = PBXBuildFile; fileRef = 73E0377B2A70C9DA00C4F8D9 /* LICENSE */; };
		73F323F62A6F8DA200CDBF47 /* CIMIS_Station_BrowserUITests.swift in Sources */ = {isa = PBXBuildFile; fileRef = 73F323F52A6F8DA200CDBF47 /* CIMIS_Station_BrowserUITests.swift */; };
/* End PBXBuildFile section */

/* Begin PBXContainerItemProxy section */
		732328B12A6DB924000EF095 /* PBXContainerItemProxy */ = {
			isa = PBXContainerItemProxy;
			containerPortal = 732328932A6DB91F000EF095 /* Project object */;
			proxyType = 1;
			remoteGlobalIDString = 7323289A2A6DB91F000EF095;
			remoteInfo = "CIMIS-Station-Browser";
		};
		732328BB2A6DB924000EF095 /* PBXContainerItemProxy */ = {
			isa = PBXContainerItemProxy;
			containerPortal = 732328932A6DB91F000EF095 /* Project object */;
			proxyType = 1;
			remoteGlobalIDString = 7323289A2A6DB91F000EF095;
			remoteInfo = "CIMIS-Station-Browser";
		};
/* End PBXContainerItemProxy section */

/* Begin PBXFileReference section */
		7311F0822A6F2B68003316B3 /* SavedStationServiceContainer.swift */ = {isa = PBXFileReference; lastKnownFileType = sourcecode.swift; path = SavedStationServiceContainer.swift; sourceTree = "<group>"; };
		7311F0852A6F3461003316B3 /* station254.json */ = {isa = PBXFileReference; lastKnownFileType = text.json; path = station254.json; sourceTree = "<group>"; };
		7311F0872A6F34A0003316B3 /* allStations.json */ = {isa = PBXFileReference; lastKnownFileType = text.json; path = allStations.json; sourceTree = "<group>"; };
		7311F0892A6F35AC003316B3 /* station213.json */ = {isa = PBXFileReference; lastKnownFileType = text.json; path = station213.json; sourceTree = "<group>"; };
		7311F08D2A6F4880003316B3 /* ServicesContainer.swift */ = {isa = PBXFileReference; lastKnownFileType = sourcecode.swift; path = ServicesContainer.swift; sourceTree = "<group>"; };
		7311F08F2A6F4AF9003316B3 /* ServiceError.swift */ = {isa = PBXFileReference; lastKnownFileType = sourcecode.swift; path = ServiceError.swift; sourceTree = "<group>"; };
		7311F0912A6F4B4F003316B3 /* SavedStationServiceInterface.swift */ = {isa = PBXFileReference; lastKnownFileType = sourcecode.swift; path = SavedStationServiceInterface.swift; sourceTree = "<group>"; };
		7311F0932A6F4B88003316B3 /* FetchStationsServiceInterface.swift */ = {isa = PBXFileReference; lastKnownFileType = sourcecode.swift; path = FetchStationsServiceInterface.swift; sourceTree = "<group>"; };
		7311F0952A6F4FF0003316B3 /* FetchSavedStationService.swift */ = {isa = PBXFileReference; lastKnownFileType = sourcecode.swift; path = FetchSavedStationService.swift; sourceTree = "<group>"; };
		731F1E4B2A6F7A6D003DD16F /* AddSavedStationService.swift */ = {isa = PBXFileReference; lastKnownFileType = sourcecode.swift; path = AddSavedStationService.swift; sourceTree = "<group>"; };
		731F1E4D2A6F7AD1003DD16F /* RemoveSavedStationService.swift */ = {isa = PBXFileReference; lastKnownFileType = sourcecode.swift; path = RemoveSavedStationService.swift; sourceTree = "<group>"; };
		731F1E502A6F7B9A003DD16F /* ServiceContainerTests.swift */ = {isa = PBXFileReference; lastKnownFileType = sourcecode.swift; path = ServiceContainerTests.swift; sourceTree = "<group>"; };
		731F1E522A6F7D8D003DD16F /* MockSavedStationsService.swift */ = {isa = PBXFileReference; lastKnownFileType = sourcecode.swift; path = MockSavedStationsService.swift; sourceTree = "<group>"; };
		7323289B2A6DB91F000EF095 /* CIMIS-Station-Browser.app */ = {isa = PBXFileReference; explicitFileType = wrapper.application; includeInIndex = 0; path = "CIMIS-Station-Browser.app"; sourceTree = BUILT_PRODUCTS_DIR; };
		7323289E2A6DB91F000EF095 /* CIMISStationBrowserApp.swift */ = {isa = PBXFileReference; lastKnownFileType = sourcecode.swift; path = CIMISStationBrowserApp.swift; sourceTree = "<group>"; };
		732328A22A6DB924000EF095 /* Assets.xcassets */ = {isa = PBXFileReference; lastKnownFileType = folder.assetcatalog; path = Assets.xcassets; sourceTree = "<group>"; };
		732328A52A6DB924000EF095 /* Preview Assets.xcassets */ = {isa = PBXFileReference; lastKnownFileType = folder.assetcatalog; path = "Preview Assets.xcassets"; sourceTree = "<group>"; };
		732328A72A6DB924000EF095 /* PersistenceController.swift */ = {isa = PBXFileReference; lastKnownFileType = sourcecode.swift; path = PersistenceController.swift; sourceTree = "<group>"; };
		732328AA2A6DB924000EF095 /* CIMIS_Station_Browser.xcdatamodel */ = {isa = PBXFileReference; lastKnownFileType = wrapper.xcdatamodel; path = CIMIS_Station_Browser.xcdatamodel; sourceTree = "<group>"; };
		732328B02A6DB924000EF095 /* CIMIS-Station-BrowserTests.xctest */ = {isa = PBXFileReference; explicitFileType = wrapper.cfbundle; includeInIndex = 0; path = "CIMIS-Station-BrowserTests.xctest"; sourceTree = BUILT_PRODUCTS_DIR; };
		732328BA2A6DB924000EF095 /* CIMIS-Station-BrowserUITests.xctest */ = {isa = PBXFileReference; explicitFileType = wrapper.cfbundle; includeInIndex = 0; path = "CIMIS-Station-BrowserUITests.xctest"; sourceTree = BUILT_PRODUCTS_DIR; };
		732328CD2A6DC190000EF095 /* Networking.swift */ = {isa = PBXFileReference; lastKnownFileType = sourcecode.swift; path = Networking.swift; sourceTree = "<group>"; };
		732328CF2A6DC1CF000EF095 /* StationModels.swift */ = {isa = PBXFileReference; lastKnownFileType = sourcecode.swift; path = StationModels.swift; sourceTree = "<group>"; };
		732328D22A6DC316000EF095 /* StationListView.swift */ = {isa = PBXFileReference; lastKnownFileType = sourcecode.swift; path = StationListView.swift; sourceTree = "<group>"; };
		732328D92A6DD606000EF095 /* StationListViewModel.swift */ = {isa = PBXFileReference; lastKnownFileType = sourcecode.swift; path = StationListViewModel.swift; sourceTree = "<group>"; };
		732328DB2A6E2123000EF095 /* FetchStationsService.swift */ = {isa = PBXFileReference; lastKnownFileType = sourcecode.swift; path = FetchStationsService.swift; sourceTree = "<group>"; };
		732328DD2A6E25B2000EF095 /* ServicesInterface.swift */ = {isa = PBXFileReference; lastKnownFileType = sourcecode.swift; path = ServicesInterface.swift; sourceTree = "<group>"; };
		732328E02A6E2779000EF095 /* MockFetchStationsService.swift */ = {isa = PBXFileReference; lastKnownFileType = sourcecode.swift; path = MockFetchStationsService.swift; sourceTree = "<group>"; };
		732328E22A6E2840000EF095 /* mockStations.json */ = {isa = PBXFileReference; lastKnownFileType = text.json; path = mockStations.json; sourceTree = "<group>"; };
		732328E42A6E2E46000EF095 /* MockNetworking.swift */ = {isa = PBXFileReference; lastKnownFileType = sourcecode.swift; path = MockNetworking.swift; sourceTree = "<group>"; };
		73C691532A6F8FF300120571 /* StationDetailsView.swift */ = {isa = PBXFileReference; lastKnownFileType = sourcecode.swift; path = StationDetailsView.swift; sourceTree = "<group>"; };
		73C691552A6F900600120571 /* StationDetailsViewModel.swift */ = {isa = PBXFileReference; lastKnownFileType = sourcecode.swift; path = StationDetailsViewModel.swift; sourceTree = "<group>"; };
		73C691582A6F9D8C00120571 /* SavedStationStore.swift */ = {isa = PBXFileReference; lastKnownFileType = sourcecode.swift; path = SavedStationStore.swift; sourceTree = "<group>"; };
		73C6915A2A6FACB200120571 /* AppDelegate.swift */ = {isa = PBXFileReference; lastKnownFileType = sourcecode.swift; path = AppDelegate.swift; sourceTree = "<group>"; };
		73C6915C2A6FACFE00120571 /* AppRouter.swift */ = {isa = PBXFileReference; lastKnownFileType = sourcecode.swift; path = AppRouter.swift; sourceTree = "<group>"; };
		73C6919D2A70607600120571 /* StationListController.swift */ = {isa = PBXFileReference; lastKnownFileType = sourcecode.swift; path = StationListController.swift; sourceTree = "<group>"; };
		73C6919F2A706B2600120571 /* StationDetailController.swift */ = {isa = PBXFileReference; lastKnownFileType = sourcecode.swift; path = StationDetailController.swift; sourceTree = "<group>"; };
		73C691A22A706DEC00120571 /* StationListTests.swift */ = {isa = PBXFileReference; lastKnownFileType = sourcecode.swift; path = StationListTests.swift; sourceTree = "<group>"; };
		73C691A52A70845700120571 /* StationDetailsTests.swift */ = {isa = PBXFileReference; lastKnownFileType = sourcecode.swift; path = StationDetailsTests.swift; sourceTree = "<group>"; };
		73C691A72A70917E00120571 /* StationDataService.swift */ = {isa = PBXFileReference; lastKnownFileType = sourcecode.swift; path = StationDataService.swift; sourceTree = "<group>"; };
		73C691A92A70918E00120571 /* StationDataServiceInterface.swift */ = {isa = PBXFileReference; lastKnownFileType = sourcecode.swift; path = StationDataServiceInterface.swift; sourceTree = "<group>"; };
		73C691AB2A7091A300120571 /* MockStationDataService.swift */ = {isa = PBXFileReference; lastKnownFileType = sourcecode.swift; path = MockStationDataService.swift; sourceTree = "<group>"; };
		73C691AD2A70933600120571 /* DataModels.swift */ = {isa = PBXFileReference; lastKnownFileType = sourcecode.swift; path = DataModels.swift; sourceTree = "<group>"; };
		73E037792A70C60F00C4F8D9 /* README.md */ = {isa = PBXFileReference; fileEncoding = 4; lastKnownFileType = net.daringfireball.markdown; path = README.md; sourceTree = "<group>"; };
		73E0377B2A70C9DA00C4F8D9 /* LICENSE */ = {isa = PBXFileReference; lastKnownFileType = text; path = LICENSE; sourceTree = "<group>"; };
		73F323F52A6F8DA200CDBF47 /* CIMIS_Station_BrowserUITests.swift */ = {isa = PBXFileReference; fileEncoding = 4; lastKnownFileType = sourcecode.swift; name = CIMIS_Station_BrowserUITests.swift; path = ../../../.Trash/CIMIS_Station_BrowserUITests.swift; sourceTree = "<group>"; };
/* End PBXFileReference section */

/* Begin PBXFrameworksBuildPhase section */
		732328982A6DB91F000EF095 /* Frameworks */ = {
			isa = PBXFrameworksBuildPhase;
			buildActionMask = 2147483647;
			files = (
			);
			runOnlyForDeploymentPostprocessing = 0;
		};
		732328AD2A6DB924000EF095 /* Frameworks */ = {
			isa = PBXFrameworksBuildPhase;
			buildActionMask = 2147483647;
			files = (
			);
			runOnlyForDeploymentPostprocessing = 0;
		};
		732328B72A6DB924000EF095 /* Frameworks */ = {
			isa = PBXFrameworksBuildPhase;
			buildActionMask = 2147483647;
			files = (
			);
			runOnlyForDeploymentPostprocessing = 0;
		};
/* End PBXFrameworksBuildPhase section */

/* Begin PBXGroup section */
		7311F07D2A6F1B20003316B3 /* SavedStations */ = {
			isa = PBXGroup;
			children = (
				731F1E4B2A6F7A6D003DD16F /* AddSavedStationService.swift */,
				7311F0952A6F4FF0003316B3 /* FetchSavedStationService.swift */,
				731F1E4D2A6F7AD1003DD16F /* RemoveSavedStationService.swift */,
				7311F0912A6F4B4F003316B3 /* SavedStationServiceInterface.swift */,
				7311F0822A6F2B68003316B3 /* SavedStationServiceContainer.swift */,
				731F1E522A6F7D8D003DD16F /* MockSavedStationsService.swift */,
			);
			path = SavedStations;
			sourceTree = "<group>";
		};
		7311F0842A6F3411003316B3 /* GetStationData */ = {
			isa = PBXGroup;
			children = (
				73C691AB2A7091A300120571 /* MockStationDataService.swift */,
				73C691A72A70917E00120571 /* StationDataService.swift */,
				73C691A92A70918E00120571 /* StationDataServiceInterface.swift */,
				7311F0852A6F3461003316B3 /* station254.json */,
				7311F0892A6F35AC003316B3 /* station213.json */,
			);
			path = GetStationData;
			sourceTree = "<group>";
		};
		731F1E4F2A6F7B6D003DD16F /* Services */ = {
			isa = PBXGroup;
			children = (
				731F1E502A6F7B9A003DD16F /* ServiceContainerTests.swift */,
			);
			path = Services;
			sourceTree = "<group>";
		};
		732328922A6DB91F000EF095 = {
			isa = PBXGroup;
			children = (
				73E037792A70C60F00C4F8D9 /* README.md */,
				73E0377B2A70C9DA00C4F8D9 /* LICENSE */,
				7323289D2A6DB91F000EF095 /* CIMIS-Station-Browser */,
				732328B32A6DB924000EF095 /* CIMIS-Station-BrowserTests */,
				732328BD2A6DB924000EF095 /* CIMIS-Station-BrowserUITests */,
				7323289C2A6DB91F000EF095 /* Products */,
			);
			sourceTree = "<group>";
		};
		7323289C2A6DB91F000EF095 /* Products */ = {
			isa = PBXGroup;
			children = (
				7323289B2A6DB91F000EF095 /* CIMIS-Station-Browser.app */,
				732328B02A6DB924000EF095 /* CIMIS-Station-BrowserTests.xctest */,
				732328BA2A6DB924000EF095 /* CIMIS-Station-BrowserUITests.xctest */,
			);
			name = Products;
			sourceTree = "<group>";
		};
		7323289D2A6DB91F000EF095 /* CIMIS-Station-Browser */ = {
			isa = PBXGroup;
			children = (
				73C691572A6F9D5B00120571 /* DataStores */,
				732328D12A6DC2F8000EF095 /* Views */,
				7323289E2A6DB91F000EF095 /* CIMISStationBrowserApp.swift */,
				73C6915A2A6FACB200120571 /* AppDelegate.swift */,
				73C6915C2A6FACFE00120571 /* AppRouter.swift */,
				732328A22A6DB924000EF095 /* Assets.xcassets */,
				732328D72A6DCA37000EF095 /* Models */,
				732328D62A6DC510000EF095 /* Services */,
				732328A92A6DB924000EF095 /* CIMISStationBrowser.xcdatamodeld */,
				732328A42A6DB924000EF095 /* Preview Content */,
			);
			path = "CIMIS-Station-Browser";
			sourceTree = "<group>";
		};
		732328A42A6DB924000EF095 /* Preview Content */ = {
			isa = PBXGroup;
			children = (
				732328A52A6DB924000EF095 /* Preview Assets.xcassets */,
			);
			path = "Preview Content";
			sourceTree = "<group>";
		};
		732328B32A6DB924000EF095 /* CIMIS-Station-BrowserTests */ = {
			isa = PBXGroup;
			children = (
				73C691A42A70843C00120571 /* StationDetails */,
				73C691A12A706DCF00120571 /* StationList */,
				731F1E4F2A6F7B6D003DD16F /* Services */,
			);
			path = "CIMIS-Station-BrowserTests";
			sourceTree = "<group>";
		};
		732328BD2A6DB924000EF095 /* CIMIS-Station-BrowserUITests */ = {
			isa = PBXGroup;
			children = (
				73F323F52A6F8DA200CDBF47 /* CIMIS_Station_BrowserUITests.swift */,
			);
			path = "CIMIS-Station-BrowserUITests";
			sourceTree = "<group>";
		};
		732328D12A6DC2F8000EF095 /* Views */ = {
			isa = PBXGroup;
			children = (
				73C691522A6F8FD600120571 /* StationDetails */,
				732328D82A6DD5F7000EF095 /* StationList */,
			);
			path = Views;
			sourceTree = "<group>";
		};
		732328D62A6DC510000EF095 /* Services */ = {
			isa = PBXGroup;
			children = (
				7311F08D2A6F4880003316B3 /* ServicesContainer.swift */,
				7311F08F2A6F4AF9003316B3 /* ServiceError.swift */,
				732328DD2A6E25B2000EF095 /* ServicesInterface.swift */,
				732328DF2A6E2765000EF095 /* FetchStations */,
				7311F0842A6F3411003316B3 /* GetStationData */,
				7311F07D2A6F1B20003316B3 /* SavedStations */,
				732328E42A6E2E46000EF095 /* MockNetworking.swift */,
				732328CD2A6DC190000EF095 /* Networking.swift */,
				732328A72A6DB924000EF095 /* PersistenceController.swift */,
			);
			path = Services;
			sourceTree = "<group>";
		};
		732328D72A6DCA37000EF095 /* Models */ = {
			isa = PBXGroup;
			children = (
				732328CF2A6DC1CF000EF095 /* StationModels.swift */,
				73C691AD2A70933600120571 /* DataModels.swift */,
			);
			path = Models;
			sourceTree = "<group>";
		};
		732328D82A6DD5F7000EF095 /* StationList */ = {
			isa = PBXGroup;
			children = (
				732328D22A6DC316000EF095 /* StationListView.swift */,
				732328D92A6DD606000EF095 /* StationListViewModel.swift */,
				73C6919D2A70607600120571 /* StationListController.swift */,
			);
			path = StationList;
			sourceTree = "<group>";
		};
		732328DF2A6E2765000EF095 /* FetchStations */ = {
			isa = PBXGroup;
			children = (
				7311F0932A6F4B88003316B3 /* FetchStationsServiceInterface.swift */,
				732328DB2A6E2123000EF095 /* FetchStationsService.swift */,
				732328E02A6E2779000EF095 /* MockFetchStationsService.swift */,
				732328E22A6E2840000EF095 /* mockStations.json */,
				7311F0872A6F34A0003316B3 /* allStations.json */,
			);
			path = FetchStations;
			sourceTree = "<group>";
		};
		73C691522A6F8FD600120571 /* StationDetails */ = {
			isa = PBXGroup;
			children = (
				73C691532A6F8FF300120571 /* StationDetailsView.swift */,
				73C691552A6F900600120571 /* StationDetailsViewModel.swift */,
				73C6919F2A706B2600120571 /* StationDetailController.swift */,
			);
			path = StationDetails;
			sourceTree = "<group>";
		};
		73C691572A6F9D5B00120571 /* DataStores */ = {
			isa = PBXGroup;
			children = (
				73C691582A6F9D8C00120571 /* SavedStationStore.swift */,
			);
			path = DataStores;
			sourceTree = "<group>";
		};
		73C691A12A706DCF00120571 /* StationList */ = {
			isa = PBXGroup;
			children = (
				73C691A22A706DEC00120571 /* StationListTests.swift */,
			);
			path = StationList;
			sourceTree = "<group>";
		};
		73C691A42A70843C00120571 /* StationDetails */ = {
			isa = PBXGroup;
			children = (
				73C691A52A70845700120571 /* StationDetailsTests.swift */,
			);
			path = StationDetails;
			sourceTree = "<group>";
		};
/* End PBXGroup section */

/* Begin PBXNativeTarget section */
		7323289A2A6DB91F000EF095 /* CIMIS-Station-Browser */ = {
			isa = PBXNativeTarget;
			buildConfigurationList = 732328C42A6DB924000EF095 /* Build configuration list for PBXNativeTarget "CIMIS-Station-Browser" */;
			buildPhases = (
				732328972A6DB91F000EF095 /* Sources */,
				732328982A6DB91F000EF095 /* Frameworks */,
				732328992A6DB91F000EF095 /* Resources */,
			);
			buildRules = (
			);
			dependencies = (
			);
			name = "CIMIS-Station-Browser";
			productName = "CIMIS-Station-Browser";
			productReference = 7323289B2A6DB91F000EF095 /* CIMIS-Station-Browser.app */;
			productType = "com.apple.product-type.application";
		};
		732328AF2A6DB924000EF095 /* CIMIS-Station-BrowserTests */ = {
			isa = PBXNativeTarget;
			buildConfigurationList = 732328C72A6DB924000EF095 /* Build configuration list for PBXNativeTarget "CIMIS-Station-BrowserTests" */;
			buildPhases = (
				732328AC2A6DB924000EF095 /* Sources */,
				732328AD2A6DB924000EF095 /* Frameworks */,
				732328AE2A6DB924000EF095 /* Resources */,
			);
			buildRules = (
			);
			dependencies = (
				732328B22A6DB924000EF095 /* PBXTargetDependency */,
			);
			name = "CIMIS-Station-BrowserTests";
			productName = "CIMIS-Station-BrowserTests";
			productReference = 732328B02A6DB924000EF095 /* CIMIS-Station-BrowserTests.xctest */;
			productType = "com.apple.product-type.bundle.unit-test";
		};
		732328B92A6DB924000EF095 /* CIMIS-Station-BrowserUITests */ = {
			isa = PBXNativeTarget;
			buildConfigurationList = 732328CA2A6DB924000EF095 /* Build configuration list for PBXNativeTarget "CIMIS-Station-BrowserUITests" */;
			buildPhases = (
				732328B62A6DB924000EF095 /* Sources */,
				732328B72A6DB924000EF095 /* Frameworks */,
				732328B82A6DB924000EF095 /* Resources */,
			);
			buildRules = (
			);
			dependencies = (
				732328BC2A6DB924000EF095 /* PBXTargetDependency */,
			);
			name = "CIMIS-Station-BrowserUITests";
			productName = "CIMIS-Station-BrowserUITests";
			productReference = 732328BA2A6DB924000EF095 /* CIMIS-Station-BrowserUITests.xctest */;
			productType = "com.apple.product-type.bundle.ui-testing";
		};
/* End PBXNativeTarget section */

/* Begin PBXProject section */
		732328932A6DB91F000EF095 /* Project object */ = {
			isa = PBXProject;
			attributes = {
				BuildIndependentTargetsInParallel = 1;
				LastSwiftUpdateCheck = 1340;
				LastUpgradeCheck = 1340;
				TargetAttributes = {
					7323289A2A6DB91F000EF095 = {
						CreatedOnToolsVersion = 13.4.1;
					};
					732328AF2A6DB924000EF095 = {
						CreatedOnToolsVersion = 13.4.1;
						TestTargetID = 7323289A2A6DB91F000EF095;
					};
					732328B92A6DB924000EF095 = {
						CreatedOnToolsVersion = 13.4.1;
						LastSwiftMigration = 1340;
						TestTargetID = 7323289A2A6DB91F000EF095;
					};
				};
			};
			buildConfigurationList = 732328962A6DB91F000EF095 /* Build configuration list for PBXProject "CIMIS-Station-Browser" */;
			compatibilityVersion = "Xcode 13.0";
			developmentRegion = en;
			hasScannedForEncodings = 0;
			knownRegions = (
				en,
				Base,
			);
			mainGroup = 732328922A6DB91F000EF095;
			productRefGroup = 7323289C2A6DB91F000EF095 /* Products */;
			projectDirPath = "";
			projectRoot = "";
			targets = (
				7323289A2A6DB91F000EF095 /* CIMIS-Station-Browser */,
				732328AF2A6DB924000EF095 /* CIMIS-Station-BrowserTests */,
				732328B92A6DB924000EF095 /* CIMIS-Station-BrowserUITests */,
			);
		};
/* End PBXProject section */

/* Begin PBXResourcesBuildPhase section */
		732328992A6DB91F000EF095 /* Resources */ = {
			isa = PBXResourcesBuildPhase;
			buildActionMask = 2147483647;
			files = (
				732328A62A6DB924000EF095 /* Preview Assets.xcassets in Resources */,
				732328E32A6E2840000EF095 /* mockStations.json in Resources */,
				73E0377C2A70C9DA00C4F8D9 /* LICENSE in Resources */,
				7311F0862A6F3461003316B3 /* station254.json in Resources */,
				73E0377A2A70C60F00C4F8D9 /* README.md in Resources */,
				7311F0882A6F34A0003316B3 /* allStations.json in Resources */,
				732328A32A6DB924000EF095 /* Assets.xcassets in Resources */,
				7311F08A2A6F35AC003316B3 /* station213.json in Resources */,
			);
			runOnlyForDeploymentPostprocessing = 0;
		};
		732328AE2A6DB924000EF095 /* Resources */ = {
			isa = PBXResourcesBuildPhase;
			buildActionMask = 2147483647;
			files = (
			);
			runOnlyForDeploymentPostprocessing = 0;
		};
		732328B82A6DB924000EF095 /* Resources */ = {
			isa = PBXResourcesBuildPhase;
			buildActionMask = 2147483647;
			files = (
			);
			runOnlyForDeploymentPostprocessing = 0;
		};
/* End PBXResourcesBuildPhase section */

/* Begin PBXSourcesBuildPhase section */
		732328972A6DB91F000EF095 /* Sources */ = {
			isa = PBXSourcesBuildPhase;
			buildActionMask = 2147483647;
			files = (
				732328E12A6E2779000EF095 /* MockFetchStationsService.swift in Sources */,
				73C691AE2A70933600120571 /* DataModels.swift in Sources */,
				73C691A02A706B2600120571 /* StationDetailController.swift in Sources */,
				732328A82A6DB924000EF095 /* PersistenceController.swift in Sources */,
				731F1E4C2A6F7A6E003DD16F /* AddSavedStationService.swift in Sources */,
				732328CE2A6DC190000EF095 /* Networking.swift in Sources */,
				73C691AA2A70918E00120571 /* StationDataServiceInterface.swift in Sources */,
				7311F0832A6F2B68003316B3 /* SavedStationServiceContainer.swift in Sources */,
				7311F0942A6F4B88003316B3 /* FetchStationsServiceInterface.swift in Sources */,
				7311F0922A6F4B4F003316B3 /* SavedStationServiceInterface.swift in Sources */,
				7311F0962A6F4FF0003316B3 /* FetchSavedStationService.swift in Sources */,
				732328D02A6DC1CF000EF095 /* StationModels.swift in Sources */,
				73C6915D2A6FACFE00120571 /* AppRouter.swift in Sources */,
				732328E52A6E2E46000EF095 /* MockNetworking.swift in Sources */,
				73C691A82A70917E00120571 /* StationDataService.swift in Sources */,
				73C691562A6F900600120571 /* StationDetailsViewModel.swift in Sources */,
				73C691592A6F9D8C00120571 /* SavedStationStore.swift in Sources */,
				73C6919E2A70607600120571 /* StationListController.swift in Sources */,
				73C6915B2A6FACB300120571 /* AppDelegate.swift in Sources */,
				73C691AC2A7091A300120571 /* MockStationDataService.swift in Sources */,
				732328DC2A6E2123000EF095 /* FetchStationsService.swift in Sources */,
				7311F0902A6F4AF9003316B3 /* ServiceError.swift in Sources */,
				7311F08E2A6F4880003316B3 /* ServicesContainer.swift in Sources */,
				732328D32A6DC316000EF095 /* StationListView.swift in Sources */,
				732328DA2A6DD606000EF095 /* StationListViewModel.swift in Sources */,
				7323289F2A6DB91F000EF095 /* CIMISStationBrowserApp.swift in Sources */,
				732328DE2A6E25B2000EF095 /* ServicesInterface.swift in Sources */,
				73C691542A6F8FF300120571 /* StationDetailsView.swift in Sources */,
				731F1E532A6F7D8D003DD16F /* MockSavedStationsService.swift in Sources */,
				732328AB2A6DB924000EF095 /* CIMISStationBrowser.xcdatamodeld in Sources */,
				731F1E4E2A6F7AD1003DD16F /* RemoveSavedStationService.swift in Sources */,
			);
			runOnlyForDeploymentPostprocessing = 0;
		};
		732328AC2A6DB924000EF095 /* Sources */ = {
			isa = PBXSourcesBuildPhase;
			buildActionMask = 2147483647;
			files = (
				73C691A32A706DEC00120571 /* StationListTests.swift in Sources */,
				73C691A62A70845700120571 /* StationDetailsTests.swift in Sources */,
				731F1E512A6F7B9A003DD16F /* ServiceContainerTests.swift in Sources */,
			);
			runOnlyForDeploymentPostprocessing = 0;
		};
		732328B62A6DB924000EF095 /* Sources */ = {
			isa = PBXSourcesBuildPhase;
			buildActionMask = 2147483647;
			files = (
				732328BF2A6DB924000EF095 /* (null) in Sources */,
				73F323F62A6F8DA200CDBF47 /* CIMIS_Station_BrowserUITests.swift in Sources */,
			);
			runOnlyForDeploymentPostprocessing = 0;
		};
/* End PBXSourcesBuildPhase section */

/* Begin PBXTargetDependency section */
		732328B22A6DB924000EF095 /* PBXTargetDependency */ = {
			isa = PBXTargetDependency;
			target = 7323289A2A6DB91F000EF095 /* CIMIS-Station-Browser */;
			targetProxy = 732328B12A6DB924000EF095 /* PBXContainerItemProxy */;
		};
		732328BC2A6DB924000EF095 /* PBXTargetDependency */ = {
			isa = PBXTargetDependency;
			target = 7323289A2A6DB91F000EF095 /* CIMIS-Station-Browser */;
			targetProxy = 732328BB2A6DB924000EF095 /* PBXContainerItemProxy */;
		};
/* End PBXTargetDependency section */

/* Begin XCBuildConfiguration section */
		732328C22A6DB924000EF095 /* Debug */ = {
			isa = XCBuildConfiguration;
			buildSettings = {
				ALWAYS_SEARCH_USER_PATHS = NO;
				CLANG_ANALYZER_NONNULL = YES;
				CLANG_ANALYZER_NUMBER_OBJECT_CONVERSION = YES_AGGRESSIVE;
				CLANG_CXX_LANGUAGE_STANDARD = "gnu++17";
				CLANG_ENABLE_MODULES = YES;
				CLANG_ENABLE_OBJC_ARC = YES;
				CLANG_ENABLE_OBJC_WEAK = YES;
				CLANG_WARN_BLOCK_CAPTURE_AUTORELEASING = YES;
				CLANG_WARN_BOOL_CONVERSION = YES;
				CLANG_WARN_COMMA = YES;
				CLANG_WARN_CONSTANT_CONVERSION = YES;
				CLANG_WARN_DEPRECATED_OBJC_IMPLEMENTATIONS = YES;
				CLANG_WARN_DIRECT_OBJC_ISA_USAGE = YES_ERROR;
				CLANG_WARN_DOCUMENTATION_COMMENTS = YES;
				CLANG_WARN_EMPTY_BODY = YES;
				CLANG_WARN_ENUM_CONVERSION = YES;
				CLANG_WARN_INFINITE_RECURSION = YES;
				CLANG_WARN_INT_CONVERSION = YES;
				CLANG_WARN_NON_LITERAL_NULL_CONVERSION = YES;
				CLANG_WARN_OBJC_IMPLICIT_RETAIN_SELF = YES;
				CLANG_WARN_OBJC_LITERAL_CONVERSION = YES;
				CLANG_WARN_OBJC_ROOT_CLASS = YES_ERROR;
				CLANG_WARN_QUOTED_INCLUDE_IN_FRAMEWORK_HEADER = YES;
				CLANG_WARN_RANGE_LOOP_ANALYSIS = YES;
				CLANG_WARN_STRICT_PROTOTYPES = YES;
				CLANG_WARN_SUSPICIOUS_MOVE = YES;
				CLANG_WARN_UNGUARDED_AVAILABILITY = YES_AGGRESSIVE;
				CLANG_WARN_UNREACHABLE_CODE = YES;
				CLANG_WARN__DUPLICATE_METHOD_MATCH = YES;
				COPY_PHASE_STRIP = NO;
				DEBUG_INFORMATION_FORMAT = dwarf;
				ENABLE_STRICT_OBJC_MSGSEND = YES;
				ENABLE_TESTABILITY = YES;
				GCC_C_LANGUAGE_STANDARD = gnu11;
				GCC_DYNAMIC_NO_PIC = NO;
				GCC_NO_COMMON_BLOCKS = YES;
				GCC_OPTIMIZATION_LEVEL = 0;
				GCC_PREPROCESSOR_DEFINITIONS = (
					"DEBUG=1",
					"$(inherited)",
				);
				GCC_WARN_64_TO_32_BIT_CONVERSION = YES;
				GCC_WARN_ABOUT_RETURN_TYPE = YES_ERROR;
				GCC_WARN_UNDECLARED_SELECTOR = YES;
				GCC_WARN_UNINITIALIZED_AUTOS = YES_AGGRESSIVE;
				GCC_WARN_UNUSED_FUNCTION = YES;
				GCC_WARN_UNUSED_VARIABLE = YES;
				IPHONEOS_DEPLOYMENT_TARGET = 15.5;
				MTL_ENABLE_DEBUG_INFO = INCLUDE_SOURCE;
				MTL_FAST_MATH = YES;
				ONLY_ACTIVE_ARCH = YES;
				SDKROOT = iphoneos;
				SWIFT_ACTIVE_COMPILATION_CONDITIONS = DEBUG;
				SWIFT_OPTIMIZATION_LEVEL = "-Onone";
			};
			name = Debug;
		};
		732328C32A6DB924000EF095 /* Release */ = {
			isa = XCBuildConfiguration;
			buildSettings = {
				ALWAYS_SEARCH_USER_PATHS = NO;
				CLANG_ANALYZER_NONNULL = YES;
				CLANG_ANALYZER_NUMBER_OBJECT_CONVERSION = YES_AGGRESSIVE;
				CLANG_CXX_LANGUAGE_STANDARD = "gnu++17";
				CLANG_ENABLE_MODULES = YES;
				CLANG_ENABLE_OBJC_ARC = YES;
				CLANG_ENABLE_OBJC_WEAK = YES;
				CLANG_WARN_BLOCK_CAPTURE_AUTORELEASING = YES;
				CLANG_WARN_BOOL_CONVERSION = YES;
				CLANG_WARN_COMMA = YES;
				CLANG_WARN_CONSTANT_CONVERSION = YES;
				CLANG_WARN_DEPRECATED_OBJC_IMPLEMENTATIONS = YES;
				CLANG_WARN_DIRECT_OBJC_ISA_USAGE = YES_ERROR;
				CLANG_WARN_DOCUMENTATION_COMMENTS = YES;
				CLANG_WARN_EMPTY_BODY = YES;
				CLANG_WARN_ENUM_CONVERSION = YES;
				CLANG_WARN_INFINITE_RECURSION = YES;
				CLANG_WARN_INT_CONVERSION = YES;
				CLANG_WARN_NON_LITERAL_NULL_CONVERSION = YES;
				CLANG_WARN_OBJC_IMPLICIT_RETAIN_SELF = YES;
				CLANG_WARN_OBJC_LITERAL_CONVERSION = YES;
				CLANG_WARN_OBJC_ROOT_CLASS = YES_ERROR;
				CLANG_WARN_QUOTED_INCLUDE_IN_FRAMEWORK_HEADER = YES;
				CLANG_WARN_RANGE_LOOP_ANALYSIS = YES;
				CLANG_WARN_STRICT_PROTOTYPES = YES;
				CLANG_WARN_SUSPICIOUS_MOVE = YES;
				CLANG_WARN_UNGUARDED_AVAILABILITY = YES_AGGRESSIVE;
				CLANG_WARN_UNREACHABLE_CODE = YES;
				CLANG_WARN__DUPLICATE_METHOD_MATCH = YES;
				COPY_PHASE_STRIP = NO;
				DEBUG_INFORMATION_FORMAT = "dwarf-with-dsym";
				ENABLE_NS_ASSERTIONS = NO;
				ENABLE_STRICT_OBJC_MSGSEND = YES;
				GCC_C_LANGUAGE_STANDARD = gnu11;
				GCC_NO_COMMON_BLOCKS = YES;
				GCC_WARN_64_TO_32_BIT_CONVERSION = YES;
				GCC_WARN_ABOUT_RETURN_TYPE = YES_ERROR;
				GCC_WARN_UNDECLARED_SELECTOR = YES;
				GCC_WARN_UNINITIALIZED_AUTOS = YES_AGGRESSIVE;
				GCC_WARN_UNUSED_FUNCTION = YES;
				GCC_WARN_UNUSED_VARIABLE = YES;
				IPHONEOS_DEPLOYMENT_TARGET = 15.5;
				MTL_ENABLE_DEBUG_INFO = NO;
				MTL_FAST_MATH = YES;
				SDKROOT = iphoneos;
				SWIFT_COMPILATION_MODE = wholemodule;
				SWIFT_OPTIMIZATION_LEVEL = "-O";
				VALIDATE_PRODUCT = YES;
			};
			name = Release;
		};
		732328C52A6DB924000EF095 /* Debug */ = {
			isa = XCBuildConfiguration;
			buildSettings = {
				ASSETCATALOG_COMPILER_APPICON_NAME = AppIcon;
				ASSETCATALOG_COMPILER_GLOBAL_ACCENT_COLOR_NAME = AccentColor;
				CODE_SIGN_STYLE = Automatic;
				CURRENT_PROJECT_VERSION = 1;
				DEVELOPMENT_ASSET_PATHS = "\"CIMIS-Station-Browser/Preview Content\"";
				ENABLE_PREVIEWS = YES;
				GENERATE_INFOPLIST_FILE = YES;
				INFOPLIST_KEY_UIApplicationRequiresIphoneEnvironment = YES;
				INFOPLIST_KEY_UIApplicationSupportsIndirectInputEvents = YES;
				INFOPLIST_KEY_UILaunchScreen_Generation = YES;
				INFOPLIST_KEY_UISupportedInterfaceOrientations_iPhone = UIInterfaceOrientationPortrait;
				LD_RUNPATH_SEARCH_PATHS = (
					"$(inherited)",
					"@executable_path/Frameworks",
				);
				MARKETING_VERSION = 1.0;
				PRODUCT_BUNDLE_IDENTIFIER = "gov.ca.water.CIMIS.StationBrowser.CIMIS-Station-Browser";
				PRODUCT_NAME = "$(TARGET_NAME)";
				SWIFT_EMIT_LOC_STRINGS = YES;
				SWIFT_VERSION = 5.0;
				TARGETED_DEVICE_FAMILY = "1,2";
			};
			name = Debug;
		};
		732328C62A6DB924000EF095 /* Release */ = {
			isa = XCBuildConfiguration;
			buildSettings = {
				ASSETCATALOG_COMPILER_APPICON_NAME = AppIcon;
				ASSETCATALOG_COMPILER_GLOBAL_ACCENT_COLOR_NAME = AccentColor;
				CODE_SIGN_STYLE = Automatic;
				CURRENT_PROJECT_VERSION = 1;
				DEVELOPMENT_ASSET_PATHS = "\"CIMIS-Station-Browser/Preview Content\"";
				ENABLE_PREVIEWS = YES;
				GENERATE_INFOPLIST_FILE = YES;
				INFOPLIST_KEY_UIApplicationSupportsIndirectInputEvents = YES;
				INFOPLIST_KEY_UILaunchScreen_Generation = YES;
				INFOPLIST_KEY_UISupportedInterfaceOrientations_iPhone = UIInterfaceOrientationPortrait;
				LD_RUNPATH_SEARCH_PATHS = (
					"$(inherited)",
					"@executable_path/Frameworks",
				);
				MARKETING_VERSION = 1.0;
				PRODUCT_BUNDLE_IDENTIFIER = "gov.ca.water.CIMIS.StationBrowser.CIMIS-Station-Browser";
				PRODUCT_NAME = "$(TARGET_NAME)";
				SWIFT_EMIT_LOC_STRINGS = YES;
				SWIFT_VERSION = 5.0;
				TARGETED_DEVICE_FAMILY = "1,2";
			};
			name = Release;
		};
		732328C82A6DB924000EF095 /* Debug */ = {
			isa = XCBuildConfiguration;
			buildSettings = {
				ALWAYS_EMBED_SWIFT_STANDARD_LIBRARIES = YES;
				BUNDLE_LOADER = "$(TEST_HOST)";
				CODE_SIGN_STYLE = Automatic;
				CURRENT_PROJECT_VERSION = 1;
				GENERATE_INFOPLIST_FILE = YES;
				IPHONEOS_DEPLOYMENT_TARGET = 15.5;
				MARKETING_VERSION = 1.0;
				PRODUCT_BUNDLE_IDENTIFIER = "gov.ca.water.CIMIS.StationBrowser.CIMIS-Station-BrowserTests";
				PRODUCT_NAME = "$(TARGET_NAME)";
				SWIFT_EMIT_LOC_STRINGS = NO;
				SWIFT_VERSION = 5.0;
				TARGETED_DEVICE_FAMILY = "1,2";
				TEST_HOST = "$(BUILT_PRODUCTS_DIR)/CIMIS-Station-Browser.app/CIMIS-Station-Browser";
			};
			name = Debug;
		};
		732328C92A6DB924000EF095 /* Release */ = {
			isa = XCBuildConfiguration;
			buildSettings = {
				ALWAYS_EMBED_SWIFT_STANDARD_LIBRARIES = YES;
				BUNDLE_LOADER = "$(TEST_HOST)";
				CODE_SIGN_STYLE = Automatic;
				CURRENT_PROJECT_VERSION = 1;
				GENERATE_INFOPLIST_FILE = YES;
				IPHONEOS_DEPLOYMENT_TARGET = 15.5;
				MARKETING_VERSION = 1.0;
				PRODUCT_BUNDLE_IDENTIFIER = "gov.ca.water.CIMIS.StationBrowser.CIMIS-Station-BrowserTests";
				PRODUCT_NAME = "$(TARGET_NAME)";
				SWIFT_EMIT_LOC_STRINGS = NO;
				SWIFT_VERSION = 5.0;
				TARGETED_DEVICE_FAMILY = "1,2";
				TEST_HOST = "$(BUILT_PRODUCTS_DIR)/CIMIS-Station-Browser.app/CIMIS-Station-Browser";
			};
			name = Release;
		};
		732328CB2A6DB924000EF095 /* Debug */ = {
			isa = XCBuildConfiguration;
			buildSettings = {
				ALWAYS_EMBED_SWIFT_STANDARD_LIBRARIES = YES;
				CLANG_ENABLE_MODULES = YES;
				CODE_SIGN_STYLE = Automatic;
				CURRENT_PROJECT_VERSION = 1;
				GENERATE_INFOPLIST_FILE = YES;
				LD_RUNPATH_SEARCH_PATHS = (
					"$(inherited)",
					"@executable_path/Frameworks",
					"@loader_path/Frameworks",
				);
				MARKETING_VERSION = 1.0;
				PRODUCT_BUNDLE_IDENTIFIER = "gov.ca.water.CIMIS.StationBrowser.CIMIS-Station-BrowserUITests";
				PRODUCT_NAME = "$(TARGET_NAME)";
				SWIFT_EMIT_LOC_STRINGS = NO;
				SWIFT_OPTIMIZATION_LEVEL = "-Onone";
				SWIFT_VERSION = 5.0;
				TARGETED_DEVICE_FAMILY = "1,2";
				TEST_TARGET_NAME = "CIMIS-Station-Browser";
			};
			name = Debug;
		};
		732328CC2A6DB924000EF095 /* Release */ = {
			isa = XCBuildConfiguration;
			buildSettings = {
				ALWAYS_EMBED_SWIFT_STANDARD_LIBRARIES = YES;
				CLANG_ENABLE_MODULES = YES;
				CODE_SIGN_STYLE = Automatic;
				CURRENT_PROJECT_VERSION = 1;
				GENERATE_INFOPLIST_FILE = YES;
				LD_RUNPATH_SEARCH_PATHS = (
					"$(inherited)",
					"@executable_path/Frameworks",
					"@loader_path/Frameworks",
				);
				MARKETING_VERSION = 1.0;
				PRODUCT_BUNDLE_IDENTIFIER = "gov.ca.water.CIMIS.StationBrowser.CIMIS-Station-BrowserUITests";
				PRODUCT_NAME = "$(TARGET_NAME)";
				SWIFT_EMIT_LOC_STRINGS = NO;
				SWIFT_VERSION = 5.0;
				TARGETED_DEVICE_FAMILY = "1,2";
				TEST_TARGET_NAME = "CIMIS-Station-Browser";
			};
			name = Release;
		};
/* End XCBuildConfiguration section */

/* Begin XCConfigurationList section */
		732328962A6DB91F000EF095 /* Build configuration list for PBXProject "CIMIS-Station-Browser" */ = {
			isa = XCConfigurationList;
			buildConfigurations = (
				732328C22A6DB924000EF095 /* Debug */,
				732328C32A6DB924000EF095 /* Release */,
			);
			defaultConfigurationIsVisible = 0;
			defaultConfigurationName = Release;
		};
		732328C42A6DB924000EF095 /* Build configuration list for PBXNativeTarget "CIMIS-Station-Browser" */ = {
			isa = XCConfigurationList;
			buildConfigurations = (
				732328C52A6DB924000EF095 /* Debug */,
				732328C62A6DB924000EF095 /* Release */,
			);
			defaultConfigurationIsVisible = 0;
			defaultConfigurationName = Release;
		};
		732328C72A6DB924000EF095 /* Build configuration list for PBXNativeTarget "CIMIS-Station-BrowserTests" */ = {
			isa = XCConfigurationList;
			buildConfigurations = (
				732328C82A6DB924000EF095 /* Debug */,
				732328C92A6DB924000EF095 /* Release */,
			);
			defaultConfigurationIsVisible = 0;
			defaultConfigurationName = Release;
		};
		732328CA2A6DB924000EF095 /* Build configuration list for PBXNativeTarget "CIMIS-Station-BrowserUITests" */ = {
			isa = XCConfigurationList;
			buildConfigurations = (
				732328CB2A6DB924000EF095 /* Debug */,
				732328CC2A6DB924000EF095 /* Release */,
			);
			defaultConfigurationIsVisible = 0;
			defaultConfigurationName = Release;
		};
/* End XCConfigurationList section */

/* Begin XCVersionGroup section */
		732328A92A6DB924000EF095 /* CIMISStationBrowser.xcdatamodeld */ = {
			isa = XCVersionGroup;
			children = (
				732328AA2A6DB924000EF095 /* CIMIS_Station_Browser.xcdatamodel */,
			);
			currentVersion = 732328AA2A6DB924000EF095 /* CIMIS_Station_Browser.xcdatamodel */;
			path = CIMISStationBrowser.xcdatamodeld;
			sourceTree = "<group>";
			versionGroupType = wrapper.xcdatamodel;
		};
/* End XCVersionGroup section */
	};
	rootObject = 732328932A6DB91F000EF095 /* Project object */;
}
